
Microsoft Visual Studio Solution File, Format Version 12.00
# Visual Studio Version 17
VisualStudioVersion = 17.4.33213.308
MinimumVisualStudioVersion = 10.0.40219.1
Project("{2150E333-8FDC-42A3-9474-1A3956D46DE8}") = "Core", "Core", "{EC3E7EA4-AD1A-4598-8268-E2478ED02BFC}"
EndProject
Project("{9A19103F-16F7-4668-BE54-9A1E7A4F7556}") = "KnowledgeShare.Core", "src\KnowledgeShare.Core\KnowledgeShare.Core.csproj", "{459F4178-C90B-429D-A0ED-C22CCBF6B84D}"
EndProject
Project("{9A19103F-16F7-4668-BE54-9A1E7A4F7556}") = "KnowledgeShare.Persistence", "src\KnowledgeShare.Persistence\KnowledgeShare.Persistence.csproj", "{9B1439B4-7C32-4CDD-89E6-911BB7F653DA}"
EndProject
Project("{FAE04EC0-301F-11D3-BF4B-00C04F79EFBC}") = "KnowledgeShare.Web", "src\KnowledgeShare.Web\KnowledgeShare.Web.csproj", "{D9479131-F046-4957-BD9D-B5945BB026CF}"
EndProject
Global
	GlobalSection(SolutionConfigurationPlatforms) = preSolution
		Debug|Any CPU = Debug|Any CPU
		Release|Any CPU = Release|Any CPU
	EndGlobalSection
	GlobalSection(ProjectConfigurationPlatforms) = postSolution
		{459F4178-C90B-429D-A0ED-C22CCBF6B84D}.Debug|Any CPU.ActiveCfg = Debug|Any CPU
		{459F4178-C90B-429D-A0ED-C22CCBF6B84D}.Debug|Any CPU.Build.0 = Debug|Any CPU
		{459F4178-C90B-429D-A0ED-C22CCBF6B84D}.Release|Any CPU.ActiveCfg = Release|Any CPU
		{459F4178-C90B-429D-A0ED-C22CCBF6B84D}.Release|Any CPU.Build.0 = Release|Any CPU
		{9B1439B4-7C32-4CDD-89E6-911BB7F653DA}.Debug|Any CPU.ActiveCfg = Debug|Any CPU
		{9B1439B4-7C32-4CDD-89E6-911BB7F653DA}.Debug|Any CPU.Build.0 = Debug|Any CPU
		{9B1439B4-7C32-4CDD-89E6-911BB7F653DA}.Release|Any CPU.ActiveCfg = Release|Any CPU
		{9B1439B4-7C32-4CDD-89E6-911BB7F653DA}.Release|Any CPU.Build.0 = Release|Any CPU
		{D9479131-F046-4957-BD9D-B5945BB026CF}.Debug|Any CPU.ActiveCfg = Debug|Any CPU
		{D9479131-F046-4957-BD9D-B5945BB026CF}.Debug|Any CPU.Build.0 = Debug|Any CPU
		{D9479131-F046-4957-BD9D-B5945BB026CF}.Release|Any CPU.ActiveCfg = Release|Any CPU
		{D9479131-F046-4957-BD9D-B5945BB026CF}.Release|Any CPU.Build.0 = Release|Any CPU
		{F49CA796-FE37-4D1C-BFBD-2EB898E657A2}.Debug|Any CPU.ActiveCfg = Debug|Any CPU
		{F49CA796-FE37-4D1C-BFBD-2EB898E657A2}.Debug|Any CPU.Build.0 = Debug|Any CPU
		{F49CA796-FE37-4D1C-BFBD-2EB898E657A2}.Release|Any CPU.ActiveCfg = Release|Any CPU
		{F49CA796-FE37-4D1C-BFBD-2EB898E657A2}.Release|Any CPU.Build.0 = Release|Any CPU
	EndGlobalSection
	GlobalSection(SolutionProperties) = preSolution
		HideSolutionNode = FALSE
	EndGlobalSection
	GlobalSection(NestedProjects) = preSolution
		{459F4178-C90B-429D-A0ED-C22CCBF6B84D} = {EC3E7EA4-AD1A-4598-8268-E2478ED02BFC}
		{9B1439B4-7C32-4CDD-89E6-911BB7F653DA} = {EC3E7EA4-AD1A-4598-8268-E2478ED02BFC}
	EndGlobalSection
	GlobalSection(ExtensibilityGlobals) = postSolution
		SolutionGuid = {8D5A7034-9B82-4272-A7A2-CF6A4AB6A01A}
	EndGlobalSection
EndGlobal
